Microsoft Visual Studio Solution File, Format Version 11.00
# Visual Studio 2008

Project("{7F100B0C-07CC-A9EB-D362-36F3CC553394}") = "SunUp", "Assembly-CSharp.csproj", "{94BC0D3B-6D15-9075-243B-FF136E741871}"
EndProject
Global
	GlobalSection(SolutionConfigurationPlatforms) = preSolution
		Debug|Any CPU = Debug|Any CPU
		Release|Any CPU = Release|Any CPU
	EndGlobalSection
	GlobalSection(ProjectConfigurationPlatforms) = postSolution
		{94BC0D3B-6D15-9075-243B-FF136E741871}.Debug|Any CPU.ActiveCfg = Debug|Any CPU
		{94BC0D3B-6D15-9075-243B-FF136E741871}.Debug|Any CPU.Build.0 = Debug|Any CPU
		{94BC0D3B-6D15-9075-243B-FF136E741871}.Release|Any CPU.ActiveCfg = Release|Any CPU
		{94BC0D3B-6D15-9075-243B-FF136E741871}.Release|Any CPU.Build.0 = Release|Any CPU
	EndGlobalSection
	GlobalSection(SolutionProperties) = preSolution
		HideSolutionNode = FALSE
	EndGlobalSection
	GlobalSection(MonoDevelopProperties) = preSolution
		StartupItem = Assembly-CSharp.csproj
	EndGlobalSection
EndGlobal
